
Microsoft Visual Studio Solution File, Format Version 11.00
# Visual Studio 2010
Project("{FAE04EC0-301F-11D3-BF4B-00C04F79EFBC}") = "Assembly-CSharp", "Assembly-CSharp.csproj", "{CD0A0903-FC93-4A4B-C9B8-278B0C153A7C}"
EndProject
Project("{FAE04EC0-301F-11D3-BF4B-00C04F79EFBC}") = "Siccity.GLTFUtility", "Siccity.GLTFUtility.csproj", "{7C80250B-74AA-3521-2D19-FCB8863D1829}"
EndProject
Project("{FAE04EC0-301F-11D3-BF4B-00C04F79EFBC}") = "Dracodec", "Dracodec.csproj", "{02E05975-58E8-F2B3-45B8-F14428453F87}"
EndProject
Project("{FAE04EC0-301F-11D3-BF4B-00C04F79EFBC}") = "Assembly-CSharp-Editor", "Assembly-CSharp-Editor.csproj", "{3731E5CF-D782-CAAB-8859-E96FB75A485A}"
EndProject
Project("{FAE04EC0-301F-11D3-BF4B-00C04F79EFBC}") = "Siccity.GLTFUtility.Editor", "Siccity.GLTFUtility.Editor.csproj", "{536874BE-C496-6876-915C-A6A7A8874A99}"
EndProject
Global
	GlobalSection(SolutionConfigurationPlatforms) = preSolution
		Debug|Any CPU = Debug|Any CPU
		Release|Any CPU = Release|Any CPU
	EndGlobalSection
	GlobalSection(ProjectConfigurationPlatforms) = postSolution
		{CD0A0903-FC93-4A4B-C9B8-278B0C153A7C}.Debug|Any CPU.ActiveCfg = Debug|Any CPU
		{CD0A0903-FC93-4A4B-C9B8-278B0C153A7C}.Debug|Any CPU.Build.0 = Debug|Any CPU
		{CD0A0903-FC93-4A4B-C9B8-278B0C153A7C}.Release|Any CPU.ActiveCfg = Release|Any CPU
		{CD0A0903-FC93-4A4B-C9B8-278B0C153A7C}.Release|Any CPU.Build.0 = Release|Any CPU
		{7C80250B-74AA-3521-2D19-FCB8863D1829}.Debug|Any CPU.ActiveCfg = Debug|Any CPU
		{7C80250B-74AA-3521-2D19-FCB8863D1829}.Debug|Any CPU.Build.0 = Debug|Any CPU
		{7C80250B-74AA-3521-2D19-FCB8863D1829}.Release|Any CPU.ActiveCfg = Release|Any CPU
		{7C80250B-74AA-3521-2D19-FCB8863D1829}.Release|Any CPU.Build.0 = Release|Any CPU
		{02E05975-58E8-F2B3-45B8-F14428453F87}.Debug|Any CPU.ActiveCfg = Debug|Any CPU
		{02E05975-58E8-F2B3-45B8-F14428453F87}.Debug|Any CPU.Build.0 = Debug|Any CPU
		{02E05975-58E8-F2B3-45B8-F14428453F87}.Release|Any CPU.ActiveCfg = Release|Any CPU
		{02E05975-58E8-F2B3-45B8-F14428453F87}.Release|Any CPU.Build.0 = Release|Any CPU
		{3731E5CF-D782-CAAB-8859-E96FB75A485A}.Debug|Any CPU.ActiveCfg = Debug|Any CPU
		{3731E5CF-D782-CAAB-8859-E96FB75A485A}.Debug|Any CPU.Build.0 = Debug|Any CPU
		{3731E5CF-D782-CAAB-8859-E96FB75A485A}.Release|Any CPU.ActiveCfg = Release|Any CPU
		{3731E5CF-D782-CAAB-8859-E96FB75A485A}.Release|Any CPU.Build.0 = Release|Any CPU
		{536874BE-C496-6876-915C-A6A7A8874A99}.Debug|Any CPU.ActiveCfg = Debug|Any CPU
		{536874BE-C496-6876-915C-A6A7A8874A99}.Debug|Any CPU.Build.0 = Debug|Any CPU
		{536874BE-C496-6876-915C-A6A7A8874A99}.Release|Any CPU.ActiveCfg = Release|Any CPU
		{536874BE-C496-6876-915C-A6A7A8874A99}.Release|Any CPU.Build.0 = Release|Any CPU
	EndGlobalSection
	GlobalSection(SolutionProperties) = preSolution
		HideSolutionNode = FALSE
	EndGlobalSection
EndGlobal
